
Microsoft Visual Studio Solution File, Format Version 12.00
# Visual Studio Version 16
VisualStudioVersion = 16.0.31911.196
MinimumVisualStudioVersion = 10.0.40219.1
Project("{FAE04EC0-301F-11D3-BF4B-00C04F79EFBC}") = "vASEK3-4", "vASEK3-4\vASEK3-4.csproj", "{3FC1B75D-A22B-4DB8-94B8-AA602DDCFD99}"
EndProject
Global
	GlobalSection(SolutionConfigurationPlatforms) = preSolution
		Debug|Any CPU = Debug|Any CPU
		Release|Any CPU = Release|Any CPU
	EndGlobalSection
	GlobalSection(ProjectConfigurationPlatforms) = postSolution
		{3FC1B75D-A22B-4DB8-94B8-AA602DDCFD99}.Debug|Any CPU.ActiveCfg = Debug|Any CPU
		{3FC1B75D-A22B-4DB8-94B8-AA602DDCFD99}.Debug|Any CPU.Build.0 = Debug|Any CPU
		{3FC1B75D-A22B-4DB8-94B8-AA602DDCFD99}.Release|Any CPU.ActiveCfg = Release|Any CPU
		{3FC1B75D-A22B-4DB8-94B8-AA602DDCFD99}.Release|Any CPU.Build.0 = Release|Any CPU
	EndGlobalSection
	GlobalSection(SolutionProperties) = preSolution
		HideSolutionNode = FALSE
	EndGlobalSection
	GlobalSection(ExtensibilityGlobals) = postSolution
		SolutionGuid = {B51279CA-E8E6-45C0-ADFF-803579FCC068}
	EndGlobalSection
EndGlobal
